{
  "version": 4,
  "terraform_version": "1.3.6",
  "serial": 25,
  "lineage": "e337f99f-1129-9b8f-0af5-bd1be777d0e2",
  "outputs": {
    "aws_alb_public_dns": {
      "value": "http://globo-web-alb-1841158103.us-east-1.elb.amazonaws.com",
      "type": "string"
    }
  },
  "resources": [
    {
      "mode": "data",
      "type": "aws_availability_zones",
      "name": "available",
      "provider": "provider[\"registry.terraform.io/hashicorp/aws\"]",
      "instances": [
        {
          "schema_version": 0,
          "attributes": {
            "all_availability_zones": null,
            "exclude_names": null,
            "exclude_zone_ids": null,
            "filter": null,
            "group_names": [
              "us-east-1"
            ],
            "id": "us-east-1",
            "names": [
              "us-east-1a",
              "us-east-1b",
              "us-east-1c",
              "us-east-1d",
              "us-east-1e",
              "us-east-1f"
            ],
            "state": "available",
            "timeouts": null,
            "zone_ids": [
              "use1-az1",
              "use1-az2",
              "use1-az4",
              "use1-az6",
              "use1-az3",
              "use1-az5"
            ]
          },
          "sensitive_attributes": []
        }
      ]
    },
    {
      "mode": "data",
      "type": "aws_elb_service_account",
      "name": "root",
      "provider": "provider[\"registry.terraform.io/hashicorp/aws\"]",
      "instances": [
        {
          "schema_version": 0,
          "attributes": {
            "arn": "arn:aws:iam::127311923021:root",
            "id": "127311923021",
            "region": null
          },
          "sensitive_attributes": []
        }
      ]
    },
    {
      "mode": "data",
      "type": "aws_ssm_parameter",
      "name": "amzn2_linux",
      "provider": "provider[\"registry.terraform.io/hashicorp/aws\"]",
      "instances": [
        {
          "schema_version": 0,
          "attributes": {
            "arn": "arn:aws:ssm:us-east-1::parameter/aws/service/ami-amazon-linux-latest/amzn2-ami-hvm-x86_64-gp2",
            "id": "/aws/service/ami-amazon-linux-latest/amzn2-ami-hvm-x86_64-gp2",
            "insecure_value": "ami-03c951bbe993ea087",
            "name": "/aws/service/ami-amazon-linux-latest/amzn2-ami-hvm-x86_64-gp2",
            "type": "String",
            "value": "ami-03c951bbe993ea087",
            "version": 107,
            "with_decryption": true
          },
          "sensitive_attributes": []
        }
      ]
    },
    {
      "mode": "managed",
      "type": "aws_iam_instance_profile",
      "name": "nginx_profile",
      "provider": "provider[\"registry.terraform.io/hashicorp/aws\"]",
      "instances": [
        {
          "schema_version": 0,
          "attributes": {
            "arn": "arn:aws:iam::413794829114:instance-profile/nginx_profile",
            "create_date": "2024-02-15T04:50:04Z",
            "id": "nginx_profile",
            "name": "nginx_profile",
            "name_prefix": "",
            "path": "/",
            "role": "allow_nginx_s3",
            "tags": {
              "billing_code": "Rhymes101",
              "company": "TekSavvy Solutions",
              "project": "TekSavvy Solutions-Rhymes707"
            },
            "tags_all": {
              "billing_code": "Rhymes101",
              "company": "TekSavvy Solutions",
              "project": "TekSavvy Solutions-Rhymes707"
            },
            "unique_id": "AIPAWAWAYAM5LIK5N6XIL"
          },
          "sensitive_attributes": [],
          "private": "bnVsbA==",
          "dependencies": [
            "aws_iam_role.allow_nginx_s3"
          ]
        }
      ]
    },
    {
      "mode": "managed",
      "type": "aws_iam_role",
      "name": "allow_nginx_s3",
      "provider": "provider[\"registry.terraform.io/hashicorp/aws\"]",
      "instances": [
        {
          "schema_version": 0,
          "attributes": {
            "arn": "arn:aws:iam::413794829114:role/allow_nginx_s3",
            "assume_role_policy": "{\"Statement\":[{\"Action\":\"sts:AssumeRole\",\"Effect\":\"Allow\",\"Principal\":{\"Service\":\"ec2.amazonaws.com\"},\"Sid\":\"\"}],\"Version\":\"2012-10-17\"}",
            "create_date": "2024-02-15T04:50:04Z",
            "description": "",
            "force_detach_policies": false,
            "id": "allow_nginx_s3",
            "inline_policy": [],
            "managed_policy_arns": [],
            "max_session_duration": 3600,
            "name": "allow_nginx_s3",
            "name_prefix": "",
            "path": "/",
            "permissions_boundary": "",
            "tags": {
              "billing_code": "Rhymes101",
              "company": "TekSavvy Solutions",
              "project": "TekSavvy Solutions-Rhymes707"
            },
            "tags_all": {
              "billing_code": "Rhymes101",
              "company": "TekSavvy Solutions",
              "project": "TekSavvy Solutions-Rhymes707"
            },
            "unique_id": "AROAWAWAYAM5GITD6SXZ3"
          },
          "sensitive_attributes": [],
          "private": "bnVsbA=="
        }
      ]
    },
    {
      "mode": "managed",
      "type": "aws_iam_role_policy",
      "name": "allow_s3_all",
      "provider": "provider[\"registry.terraform.io/hashicorp/aws\"]",
      "instances": [
        {
          "schema_version": 0,
          "attributes": {
            "id": "allow_nginx_s3:allow_s3_all",
            "name": "allow_s3_all",
            "name_prefix": "",
            "policy": "{\"Version\":\"2012-10-17\",\"Statement\":[{\"Action\":[\"s3:*\"],\"Effect\":\"Allow\",\"Resource\":[\"arn:aws:s3:::globo-web-app-56707\",\"arn:aws:s3:::globo-web-app-56707/*\"]}]}",
            "role": "allow_nginx_s3"
          },
          "sensitive_attributes": [],
          "private": "bnVsbA==",
          "dependencies": [
            "aws_iam_role.allow_nginx_s3",
            "random_integer.s3"
          ]
        }
      ]
    },
    {
      "mode": "managed",
      "type": "aws_instance",
      "name": "nginx1",
      "provider": "provider[\"registry.terraform.io/hashicorp/aws\"]",
      "instances": [
        {
          "schema_version": 1,
          "attributes": {
            "ami": "ami-03c951bbe993ea087",
            "arn": "arn:aws:ec2:us-east-1:413794829114:instance/i-0eefa01281e9c1f95",
            "associate_public_ip_address": true,
            "availability_zone": "us-east-1a",
            "capacity_reservation_specification": [
              {
                "capacity_reservation_preference": "open",
                "capacity_reservation_target": []
              }
            ],
            "cpu_core_count": 1,
            "cpu_options": [
              {
                "amd_sev_snp": "",
                "core_count": 1,
                "threads_per_core": 1
              }
            ],
            "cpu_threads_per_core": 1,
            "credit_specification": [
              {
                "cpu_credits": "standard"
              }
            ],
            "disable_api_stop": false,
            "disable_api_termination": false,
            "ebs_block_device": [],
            "ebs_optimized": false,
            "enclave_options": [
              {
                "enabled": false
              }
            ],
            "ephemeral_block_device": [],
            "get_password_data": false,
            "hibernation": false,
            "host_id": "",
            "host_resource_group_arn": null,
            "iam_instance_profile": "nginx_profile",
            "id": "i-0eefa01281e9c1f95",
            "instance_initiated_shutdown_behavior": "stop",
            "instance_lifecycle": "",
            "instance_market_options": [],
            "instance_state": "running",
            "instance_type": "t2.micro",
            "ipv6_address_count": 0,
            "ipv6_addresses": [],
            "key_name": "",
            "launch_template": [],
            "maintenance_options": [
              {
                "auto_recovery": "default"
              }
            ],
            "metadata_options": [
              {
                "http_endpoint": "enabled",
                "http_protocol_ipv6": "disabled",
                "http_put_response_hop_limit": 1,
                "http_tokens": "optional",
                "instance_metadata_tags": "disabled"
              }
            ],
            "monitoring": false,
            "network_interface": [],
            "outpost_arn": "",
            "password_data": "",
            "placement_group": "",
            "placement_partition_number": 0,
            "primary_network_interface_id": "eni-08d6275475dea5ced",
            "private_dns": "ip-10-0-0-176.ec2.internal",
            "private_dns_name_options": [
              {
                "enable_resource_name_dns_a_record": false,
                "enable_resource_name_dns_aaaa_record": false,
                "hostname_type": "ip-name"
              }
            ],
            "private_ip": "10.0.0.176",
            "public_dns": "ec2-3-231-222-201.compute-1.amazonaws.com",
            "public_ip": "3.231.222.201",
            "root_block_device": [
              {
                "delete_on_termination": true,
                "device_name": "/dev/xvda",
                "encrypted": false,
                "iops": 100,
                "kms_key_id": "",
                "tags": {},
                "throughput": 0,
                "volume_id": "vol-0d0f0d5d9db4dce56",
                "volume_size": 8,
                "volume_type": "gp2"
              }
            ],
            "secondary_private_ips": [],
            "security_groups": [],
            "source_dest_check": true,
            "spot_instance_request_id": "",
            "subnet_id": "subnet-09acc18053082a745",
            "tags": {
              "billing_code": "Rhymes101",
              "company": "TekSavvy Solutions",
              "project": "TekSavvy Solutions-Rhymes707"
            },
            "tags_all": {
              "billing_code": "Rhymes101",
              "company": "TekSavvy Solutions",
              "project": "TekSavvy Solutions-Rhymes707"
            },
            "tenancy": "default",
            "timeouts": null,
            "user_data": "9a049b21fb12ab7f7492676f4e6ac9ebedc23068",
            "user_data_base64": null,
            "user_data_replace_on_change": false,
            "volume_tags": null,
            "vpc_security_group_ids": [
              "sg-02c34e55520ba9f1f"
            ]
          },
          "sensitive_attributes": [],
          "private": "eyJlMmJmYjczMC1lY2FhLTExZTYtOGY4OC0zNDM2M2JjN2M0YzAiOnsiY3JlYXRlIjo2MDAwMDAwMDAwMDAsImRlbGV0ZSI6MTIwMDAwMDAwMDAwMCwidXBkYXRlIjo2MDAwMDAwMDAwMDB9LCJzY2hlbWFfdmVyc2lvbiI6IjEifQ==",
          "dependencies": [
            "aws_iam_instance_profile.nginx_profile",
            "aws_iam_role.allow_nginx_s3",
            "aws_iam_role_policy.allow_s3_all",
            "aws_s3_bucket.web_bucket",
            "aws_security_group.nginx_sg",
            "aws_subnet.public_subnet1",
            "aws_vpc.app",
            "data.aws_availability_zones.available",
            "data.aws_ssm_parameter.amzn2_linux",
            "random_integer.s3"
          ]
        }
      ]
    },
    {
      "mode": "managed",
      "type": "aws_instance",
      "name": "nginx2",
      "provider": "provider[\"registry.terraform.io/hashicorp/aws\"]",
      "instances": [
        {
          "schema_version": 1,
          "attributes": {
            "ami": "ami-03c951bbe993ea087",
            "arn": "arn:aws:ec2:us-east-1:413794829114:instance/i-046972c21efb5f817",
            "associate_public_ip_address": true,
            "availability_zone": "us-east-1b",
            "capacity_reservation_specification": [
              {
                "capacity_reservation_preference": "open",
                "capacity_reservation_target": []
              }
            ],
            "cpu_core_count": 1,
            "cpu_options": [
              {
                "amd_sev_snp": "",
                "core_count": 1,
                "threads_per_core": 1
              }
            ],
            "cpu_threads_per_core": 1,
            "credit_specification": [
              {
                "cpu_credits": "standard"
              }
            ],
            "disable_api_stop": false,
            "disable_api_termination": false,
            "ebs_block_device": [],
            "ebs_optimized": false,
            "enclave_options": [
              {
                "enabled": false
              }
            ],
            "ephemeral_block_device": [],
            "get_password_data": false,
            "hibernation": false,
            "host_id": "",
            "host_resource_group_arn": null,
            "iam_instance_profile": "nginx_profile",
            "id": "i-046972c21efb5f817",
            "instance_initiated_shutdown_behavior": "stop",
            "instance_lifecycle": "",
            "instance_market_options": [],
            "instance_state": "running",
            "instance_type": "t2.micro",
            "ipv6_address_count": 0,
            "ipv6_addresses": [],
            "key_name": "",
            "launch_template": [],
            "maintenance_options": [
              {
                "auto_recovery": "default"
              }
            ],
            "metadata_options": [
              {
                "http_endpoint": "enabled",
                "http_protocol_ipv6": "disabled",
                "http_put_response_hop_limit": 1,
                "http_tokens": "optional",
                "instance_metadata_tags": "disabled"
              }
            ],
            "monitoring": false,
            "network_interface": [],
            "outpost_arn": "",
            "password_data": "",
            "placement_group": "",
            "placement_partition_number": 0,
            "primary_network_interface_id": "eni-04cc6fa9dd527c877",
            "private_dns": "ip-10-0-1-208.ec2.internal",
            "private_dns_name_options": [
              {
                "enable_resource_name_dns_a_record": false,
                "enable_resource_name_dns_aaaa_record": false,
                "hostname_type": "ip-name"
              }
            ],
            "private_ip": "10.0.1.208",
            "public_dns": "ec2-3-82-142-206.compute-1.amazonaws.com",
            "public_ip": "3.82.142.206",
            "root_block_device": [
              {
                "delete_on_termination": true,
                "device_name": "/dev/xvda",
                "encrypted": false,
                "iops": 100,
                "kms_key_id": "",
                "tags": {},
                "throughput": 0,
                "volume_id": "vol-01c1f292af6c29f72",
                "volume_size": 8,
                "volume_type": "gp2"
              }
            ],
            "secondary_private_ips": [],
            "security_groups": [],
            "source_dest_check": true,
            "spot_instance_request_id": "",
            "subnet_id": "subnet-0f85994d57705ebf4",
            "tags": {
              "billing_code": "Rhymes101",
              "company": "TekSavvy Solutions",
              "project": "TekSavvy Solutions-Rhymes707"
            },
            "tags_all": {
              "billing_code": "Rhymes101",
              "company": "TekSavvy Solutions",
              "project": "TekSavvy Solutions-Rhymes707"
            },
            "tenancy": "default",
            "timeouts": null,
            "user_data": "9a049b21fb12ab7f7492676f4e6ac9ebedc23068",
            "user_data_base64": null,
            "user_data_replace_on_change": false,
            "volume_tags": null,
            "vpc_security_group_ids": [
              "sg-02c34e55520ba9f1f"
            ]
          },
          "sensitive_attributes": [],
          "private": "eyJlMmJmYjczMC1lY2FhLTExZTYtOGY4OC0zNDM2M2JjN2M0YzAiOnsiY3JlYXRlIjo2MDAwMDAwMDAwMDAsImRlbGV0ZSI6MTIwMDAwMDAwMDAwMCwidXBkYXRlIjo2MDAwMDAwMDAwMDB9LCJzY2hlbWFfdmVyc2lvbiI6IjEifQ==",
          "dependencies": [
            "aws_iam_instance_profile.nginx_profile",
            "aws_iam_role.allow_nginx_s3",
            "aws_iam_role_policy.allow_s3_all",
            "aws_s3_bucket.web_bucket",
            "aws_security_group.nginx_sg",
            "aws_subnet.public_subnet2",
            "aws_vpc.app",
            "data.aws_availability_zones.available",
            "data.aws_ssm_parameter.amzn2_linux",
            "random_integer.s3"
          ]
        }
      ]
    },
    {
      "mode": "managed",
      "type": "aws_internet_gateway",
      "name": "app",
      "provider": "provider[\"registry.terraform.io/hashicorp/aws\"]",
      "instances": [
        {
          "schema_version": 0,
          "attributes": {
            "arn": "arn:aws:ec2:us-east-1:413794829114:internet-gateway/igw-0bd497d8a0756db66",
            "id": "igw-0bd497d8a0756db66",
            "owner_id": "413794829114",
            "tags": {
              "billing_code": "Rhymes101",
              "company": "TekSavvy Solutions",
              "project": "TekSavvy Solutions-Rhymes707"
            },
            "tags_all": {
              "billing_code": "Rhymes101",
              "company": "TekSavvy Solutions",
              "project": "TekSavvy Solutions-Rhymes707"
            },
            "timeouts": null,
            "vpc_id": "vpc-0e07ea313f3772ee0"
          },
          "sensitive_attributes": [],
          "private": "eyJlMmJmYjczMC1lY2FhLTExZTYtOGY4OC0zNDM2M2JjN2M0YzAiOnsiY3JlYXRlIjoxMjAwMDAwMDAwMDAwLCJkZWxldGUiOjEyMDAwMDAwMDAwMDAsInVwZGF0ZSI6MTIwMDAwMDAwMDAwMH19",
          "dependencies": [
            "aws_vpc.app"
          ]
        }
      ]
    },
    {
      "mode": "managed",
      "type": "aws_lb",
      "name": "nginx",
      "provider": "provider[\"registry.terraform.io/hashicorp/aws\"]",
      "instances": [
        {
          "schema_version": 0,
          "attributes": {
            "access_logs": [
              {
                "bucket": "globo-web-app-56707",
                "enabled": true,
                "prefix": "alb-logs"
              }
            ],
            "arn": "arn:aws:elasticloadbalancing:us-east-1:413794829114:loadbalancer/app/globo-web-alb/bc3db907c538ae80",
            "arn_suffix": "app/globo-web-alb/bc3db907c538ae80",
            "connection_logs": [
              {
                "bucket": "",
                "enabled": false,
                "prefix": ""
              }
            ],
            "customer_owned_ipv4_pool": "",
            "desync_mitigation_mode": "defensive",
            "dns_name": "globo-web-alb-1841158103.us-east-1.elb.amazonaws.com",
            "dns_record_client_routing_policy": null,
            "drop_invalid_header_fields": false,
            "enable_cross_zone_load_balancing": true,
            "enable_deletion_protection": false,
            "enable_http2": true,
            "enable_tls_version_and_cipher_suite_headers": false,
            "enable_waf_fail_open": false,
            "enable_xff_client_port": false,
            "enforce_security_group_inbound_rules_on_private_link_traffic": "",
            "id": "arn:aws:elasticloadbalancing:us-east-1:413794829114:loadbalancer/app/globo-web-alb/bc3db907c538ae80",
            "idle_timeout": 60,
            "internal": false,
            "ip_address_type": "ipv4",
            "load_balancer_type": "application",
            "name": "globo-web-alb",
            "name_prefix": "",
            "preserve_host_header": false,
            "security_groups": [
              "sg-094579452d08c8090"
            ],
            "subnet_mapping": [
              {
                "allocation_id": "",
                "ipv6_address": "",
                "outpost_id": "",
                "private_ipv4_address": "",
                "subnet_id": "subnet-09acc18053082a745"
              },
              {
                "allocation_id": "",
                "ipv6_address": "",
                "outpost_id": "",
                "private_ipv4_address": "",
                "subnet_id": "subnet-0f85994d57705ebf4"
              }
            ],
            "subnets": [
              "subnet-09acc18053082a745",
              "subnet-0f85994d57705ebf4"
            ],
            "tags": {
              "billing_code": "Rhymes101",
              "company": "TekSavvy Solutions",
              "project": "TekSavvy Solutions-Rhymes707"
            },
            "tags_all": {
              "billing_code": "Rhymes101",
              "company": "TekSavvy Solutions",
              "project": "TekSavvy Solutions-Rhymes707"
            },
            "timeouts": null,
            "vpc_id": "vpc-0e07ea313f3772ee0",
            "xff_header_processing_mode": "append",
            "zone_id": "Z35SXDOTRQ7X7K"
          },
          "sensitive_attributes": [],
          "private": "eyJlMmJmYjczMC1lY2FhLTExZTYtOGY4OC0zNDM2M2JjN2M0YzAiOnsiY3JlYXRlIjo2MDAwMDAwMDAwMDAsImRlbGV0ZSI6NjAwMDAwMDAwMDAwLCJ1cGRhdGUiOjYwMDAwMDAwMDAwMH19",
          "dependencies": [
            "aws_s3_bucket.web_bucket",
            "aws_s3_bucket_policy.web_bucket",
            "aws_security_group.alb_sg",
            "aws_subnet.public_subnet1",
            "aws_subnet.public_subnet2",
            "aws_vpc.app",
            "data.aws_availability_zones.available",
            "data.aws_elb_service_account.root",
            "random_integer.s3"
          ]
        }
      ]
    },
    {
      "mode": "managed",
      "type": "aws_lb_listener",
      "name": "nginx",
      "provider": "provider[\"registry.terraform.io/hashicorp/aws\"]",
      "instances": [
        {
          "schema_version": 0,
          "attributes": {
            "alpn_policy": null,
            "arn": "arn:aws:elasticloadbalancing:us-east-1:413794829114:listener/app/globo-web-alb/bc3db907c538ae80/1fca7f805376b4a9",
            "certificate_arn": null,
            "default_action": [
              {
                "authenticate_cognito": [],
                "authenticate_oidc": [],
                "fixed_response": [],
                "forward": [],
                "order": 1,
                "redirect": [],
                "target_group_arn": "arn:aws:elasticloadbalancing:us-east-1:413794829114:targetgroup/nginx-alb-tg/699cf78de2a7c233",
                "type": "forward"
              }
            ],
            "id": "arn:aws:elasticloadbalancing:us-east-1:413794829114:listener/app/globo-web-alb/bc3db907c538ae80/1fca7f805376b4a9",
            "load_balancer_arn": "arn:aws:elasticloadbalancing:us-east-1:413794829114:loadbalancer/app/globo-web-alb/bc3db907c538ae80",
            "mutual_authentication": [],
            "port": 80,
            "protocol": "HTTP",
            "ssl_policy": "",
            "tags": {
              "billing_code": "Rhymes101",
              "company": "TekSavvy Solutions",
              "project": "TekSavvy Solutions-Rhymes707"
            },
            "tags_all": {
              "billing_code": "Rhymes101",
              "company": "TekSavvy Solutions",
              "project": "TekSavvy Solutions-Rhymes707"
            },
            "timeouts": null
          },
          "sensitive_attributes": [],
          "private": "eyJlMmJmYjczMC1lY2FhLTExZTYtOGY4OC0zNDM2M2JjN2M0YzAiOnsiY3JlYXRlIjozMDAwMDAwMDAwMDAsInVwZGF0ZSI6MzAwMDAwMDAwMDAwfX0=",
          "dependencies": [
            "aws_lb.nginx",
            "aws_lb_target_group.nginx",
            "aws_s3_bucket.web_bucket",
            "aws_s3_bucket_policy.web_bucket",
            "aws_security_group.alb_sg",
            "aws_subnet.public_subnet1",
            "aws_subnet.public_subnet2",
            "aws_vpc.app",
            "data.aws_availability_zones.available",
            "data.aws_elb_service_account.root",
            "random_integer.s3"
          ]
        }
      ]
    },
    {
      "mode": "managed",
      "type": "aws_lb_target_group",
      "name": "nginx",
      "provider": "provider[\"registry.terraform.io/hashicorp/aws\"]",
      "instances": [
        {
          "schema_version": 0,
          "attributes": {
            "arn": "arn:aws:elasticloadbalancing:us-east-1:413794829114:targetgroup/nginx-alb-tg/699cf78de2a7c233",
            "arn_suffix": "targetgroup/nginx-alb-tg/699cf78de2a7c233",
            "connection_termination": null,
            "deregistration_delay": "300",
            "health_check": [
              {
                "enabled": true,
                "healthy_threshold": 5,
                "interval": 30,
                "matcher": "200",
                "path": "/",
                "port": "traffic-port",
                "protocol": "HTTP",
                "timeout": 5,
                "unhealthy_threshold": 2
              }
            ],
            "id": "arn:aws:elasticloadbalancing:us-east-1:413794829114:targetgroup/nginx-alb-tg/699cf78de2a7c233",
            "ip_address_type": "ipv4",
            "lambda_multi_value_headers_enabled": false,
            "load_balancing_algorithm_type": "round_robin",
            "load_balancing_anomaly_mitigation": "off",
            "load_balancing_cross_zone_enabled": "use_load_balancer_configuration",
            "name": "nginx-alb-tg",
            "name_prefix": "",
            "port": 80,
            "preserve_client_ip": null,
            "protocol": "HTTP",
            "protocol_version": "HTTP1",
            "proxy_protocol_v2": false,
            "slow_start": 0,
            "stickiness": [
              {
                "cookie_duration": 86400,
                "cookie_name": "",
                "enabled": false,
                "type": "lb_cookie"
              }
            ],
            "tags": {
              "billing_code": "Rhymes101",
              "company": "TekSavvy Solutions",
              "project": "TekSavvy Solutions-Rhymes707"
            },
            "tags_all": {
              "billing_code": "Rhymes101",
              "company": "TekSavvy Solutions",
              "project": "TekSavvy Solutions-Rhymes707"
            },
            "target_failover": [
              {
                "on_deregistration": null,
                "on_unhealthy": null
              }
            ],
            "target_health_state": [
              {
                "enable_unhealthy_connection_termination": null
              }
            ],
            "target_type": "instance",
            "vpc_id": "vpc-0e07ea313f3772ee0"
          },
          "sensitive_attributes": [],
          "private": "bnVsbA==",
          "dependencies": [
            "aws_vpc.app"
          ]
        }
      ]
    },
    {
      "mode": "managed",
      "type": "aws_lb_target_group_attachment",
      "name": "nginx1",
      "provider": "provider[\"registry.terraform.io/hashicorp/aws\"]",
      "instances": [
        {
          "schema_version": 0,
          "attributes": {
            "availability_zone": null,
            "id": "arn:aws:elasticloadbalancing:us-east-1:413794829114:targetgroup/nginx-alb-tg/699cf78de2a7c233-20240215045059968300000005",
            "port": 80,
            "target_group_arn": "arn:aws:elasticloadbalancing:us-east-1:413794829114:targetgroup/nginx-alb-tg/699cf78de2a7c233",
            "target_id": "i-0eefa01281e9c1f95"
          },
          "sensitive_attributes": [],
          "private": "bnVsbA==",
          "dependencies": [
            "aws_iam_instance_profile.nginx_profile",
            "aws_iam_role.allow_nginx_s3",
            "aws_iam_role_policy.allow_s3_all",
            "aws_instance.nginx1",
            "aws_lb_target_group.nginx",
            "aws_s3_bucket.web_bucket",
            "aws_security_group.nginx_sg",
            "aws_subnet.public_subnet1",
            "aws_vpc.app",
            "data.aws_availability_zones.available",
            "data.aws_ssm_parameter.amzn2_linux",
            "random_integer.s3"
          ]
        }
      ]
    },
    {
      "mode": "managed",
      "type": "aws_lb_target_group_attachment",
      "name": "nginx2",
      "provider": "provider[\"registry.terraform.io/hashicorp/aws\"]",
      "instances": [
        {
          "schema_version": 0,
          "attributes": {
            "availability_zone": null,
            "id": "arn:aws:elasticloadbalancing:us-east-1:413794829114:targetgroup/nginx-alb-tg/699cf78de2a7c233-20240215045059805600000004",
            "port": 80,
            "target_group_arn": "arn:aws:elasticloadbalancing:us-east-1:413794829114:targetgroup/nginx-alb-tg/699cf78de2a7c233",
            "target_id": "i-046972c21efb5f817"
          },
          "sensitive_attributes": [],
          "private": "bnVsbA==",
          "dependencies": [
            "aws_iam_instance_profile.nginx_profile",
            "aws_iam_role.allow_nginx_s3",
            "aws_iam_role_policy.allow_s3_all",
            "aws_instance.nginx2",
            "aws_lb_target_group.nginx",
            "aws_s3_bucket.web_bucket",
            "aws_security_group.nginx_sg",
            "aws_subnet.public_subnet2",
            "aws_vpc.app",
            "data.aws_availability_zones.available",
            "data.aws_ssm_parameter.amzn2_linux",
            "random_integer.s3"
          ]
        }
      ]
    },
    {
      "mode": "managed",
      "type": "aws_route_table",
      "name": "app",
      "provider": "provider[\"registry.terraform.io/hashicorp/aws\"]",
      "instances": [
        {
          "schema_version": 0,
          "attributes": {
            "arn": "arn:aws:ec2:us-east-1:413794829114:route-table/rtb-04175af83ddc35df9",
            "id": "rtb-04175af83ddc35df9",
            "owner_id": "413794829114",
            "propagating_vgws": [],
            "route": [
              {
                "carrier_gateway_id": "",
                "cidr_block": "0.0.0.0/0",
                "core_network_arn": "",
                "destination_prefix_list_id": "",
                "egress_only_gateway_id": "",
                "gateway_id": "igw-0bd497d8a0756db66",
                "ipv6_cidr_block": "",
                "local_gateway_id": "",
                "nat_gateway_id": "",
                "network_interface_id": "",
                "transit_gateway_id": "",
                "vpc_endpoint_id": "",
                "vpc_peering_connection_id": ""
              }
            ],
            "tags": {
              "billing_code": "Rhymes101",
              "company": "TekSavvy Solutions",
              "project": "TekSavvy Solutions-Rhymes707"
            },
            "tags_all": {
              "billing_code": "Rhymes101",
              "company": "TekSavvy Solutions",
              "project": "TekSavvy Solutions-Rhymes707"
            },
            "timeouts": null,
            "vpc_id": "vpc-0e07ea313f3772ee0"
          },
          "sensitive_attributes": [],
          "private": "eyJlMmJmYjczMC1lY2FhLTExZTYtOGY4OC0zNDM2M2JjN2M0YzAiOnsiY3JlYXRlIjozMDAwMDAwMDAwMDAsImRlbGV0ZSI6MzAwMDAwMDAwMDAwLCJ1cGRhdGUiOjEyMDAwMDAwMDAwMH19",
          "dependencies": [
            "aws_internet_gateway.app",
            "aws_vpc.app"
          ]
        }
      ]
    },
    {
      "mode": "managed",
      "type": "aws_route_table_association",
      "name": "app_public_subnet2",
      "provider": "provider[\"registry.terraform.io/hashicorp/aws\"]",
      "instances": [
        {
          "schema_version": 0,
          "attributes": {
            "gateway_id": "",
            "id": "rtbassoc-04d9c600811e8da83",
            "route_table_id": "rtb-04175af83ddc35df9",
            "subnet_id": "subnet-0f85994d57705ebf4",
            "timeouts": null
          },
          "sensitive_attributes": [],
          "private": "eyJlMmJmYjczMC1lY2FhLTExZTYtOGY4OC0zNDM2M2JjN2M0YzAiOnsiY3JlYXRlIjozMDAwMDAwMDAwMDAsImRlbGV0ZSI6MzAwMDAwMDAwMDAwLCJ1cGRhdGUiOjEyMDAwMDAwMDAwMH19",
          "dependencies": [
            "aws_internet_gateway.app",
            "aws_route_table.app",
            "aws_subnet.public_subnet2",
            "aws_vpc.app",
            "data.aws_availability_zones.available"
          ]
        }
      ]
    },
    {
      "mode": "managed",
      "type": "aws_route_table_association",
      "name": "app_subnet1",
      "provider": "provider[\"registry.terraform.io/hashicorp/aws\"]",
      "instances": [
        {
          "schema_version": 0,
          "attributes": {
            "gateway_id": "",
            "id": "rtbassoc-05d227f0aca85a0de",
            "route_table_id": "rtb-04175af83ddc35df9",
            "subnet_id": "subnet-09acc18053082a745",
            "timeouts": null
          },
          "sensitive_attributes": [],
          "private": "eyJlMmJmYjczMC1lY2FhLTExZTYtOGY4OC0zNDM2M2JjN2M0YzAiOnsiY3JlYXRlIjozMDAwMDAwMDAwMDAsImRlbGV0ZSI6MzAwMDAwMDAwMDAwLCJ1cGRhdGUiOjEyMDAwMDAwMDAwMH19",
          "dependencies": [
            "aws_internet_gateway.app",
            "aws_route_table.app",
            "aws_subnet.public_subnet1",
            "aws_vpc.app",
            "data.aws_availability_zones.available"
          ]
        }
      ]
    },
    {
      "mode": "managed",
      "type": "aws_s3_bucket",
      "name": "web_bucket",
      "provider": "provider[\"registry.terraform.io/hashicorp/aws\"]",
      "instances": [
        {
          "schema_version": 0,
          "attributes": {
            "acceleration_status": "",
            "acl": null,
            "arn": "arn:aws:s3:::globo-web-app-56707",
            "bucket": "globo-web-app-56707",
            "bucket_domain_name": "globo-web-app-56707.s3.amazonaws.com",
            "bucket_prefix": "",
            "bucket_regional_domain_name": "globo-web-app-56707.s3.us-east-1.amazonaws.com",
            "cors_rule": [],
            "force_destroy": true,
            "grant": [
              {
                "id": "1fc9ee9bc20883a9e486a44903b5cfa99165bca281b613eb53996df11e17559e",
                "permissions": [
                  "FULL_CONTROL"
                ],
                "type": "CanonicalUser",
                "uri": ""
              }
            ],
            "hosted_zone_id": "Z3AQBSTGFYJSTF",
            "id": "globo-web-app-56707",
            "lifecycle_rule": [],
            "logging": [],
            "object_lock_configuration": [],
            "object_lock_enabled": false,
            "policy": "",
            "region": "us-east-1",
            "replication_configuration": [],
            "request_payer": "BucketOwner",
            "server_side_encryption_configuration": [
              {
                "rule": [
                  {
                    "apply_server_side_encryption_by_default": [
                      {
                        "kms_master_key_id": "",
                        "sse_algorithm": "AES256"
                      }
                    ],
                    "bucket_key_enabled": false
                  }
                ]
              }
            ],
            "tags": {
              "billing_code": "Rhymes101",
              "company": "TekSavvy Solutions",
              "project": "TekSavvy Solutions-Rhymes707"
            },
            "tags_all": {
              "billing_code": "Rhymes101",
              "company": "TekSavvy Solutions",
              "project": "TekSavvy Solutions-Rhymes707"
            },
            "timeouts": null,
            "versioning": [
              {
                "enabled": false,
                "mfa_delete": false
              }
            ],
            "website": [],
            "website_domain": null,
            "website_endpoint": null
          },
          "sensitive_attributes": [],
          "private": "eyJlMmJmYjczMC1lY2FhLTExZTYtOGY4OC0zNDM2M2JjN2M0YzAiOnsiY3JlYXRlIjoxMjAwMDAwMDAwMDAwLCJkZWxldGUiOjM2MDAwMDAwMDAwMDAsInJlYWQiOjEyMDAwMDAwMDAwMDAsInVwZGF0ZSI6MTIwMDAwMDAwMDAwMH19",
          "dependencies": [
            "random_integer.s3"
          ]
        }
      ]
    },
    {
      "mode": "managed",
      "type": "aws_s3_bucket_policy",
      "name": "web_bucket",
      "provider": "provider[\"registry.terraform.io/hashicorp/aws\"]",
      "instances": [
        {
          "schema_version": 0,
          "attributes": {
            "bucket": "globo-web-app-56707",
            "id": "globo-web-app-56707",
            "policy": "{\"Statement\":[{\"Action\":\"s3:PutObject\",\"Effect\":\"Allow\",\"Principal\":{\"AWS\":\"arn:aws:iam::127311923021:root\"},\"Resource\":\"arn:aws:s3:::globo-web-app-56707/alb-logs/*\"},{\"Action\":\"s3:PutObject\",\"Condition\":{\"StringEquals\":{\"s3:x-amz-acl\":\"bucket-owner-full-control\"}},\"Effect\":\"Allow\",\"Principal\":{\"Service\":\"delivery.logs.amazonaws.com\"},\"Resource\":\"arn:aws:s3:::globo-web-app-56707/alb-logs/*\"},{\"Action\":\"s3:GetBucketAcl\",\"Effect\":\"Allow\",\"Principal\":{\"Service\":\"delivery.logs.amazonaws.com\"},\"Resource\":\"arn:aws:s3:::globo-web-app-56707\"}],\"Version\":\"2012-10-17\"}"
          },
          "sensitive_attributes": [],
          "private": "bnVsbA==",
          "dependencies": [
            "aws_s3_bucket.web_bucket",
            "data.aws_elb_service_account.root",
            "random_integer.s3"
          ]
        }
      ]
    },
    {
      "mode": "managed",
      "type": "aws_s3_object",
      "name": "graphic",
      "provider": "provider[\"registry.terraform.io/hashicorp/aws\"]",
      "instances": [
        {
          "schema_version": 0,
          "attributes": {
            "acl": null,
            "bucket": "globo-web-app-56707",
            "bucket_key_enabled": false,
            "cache_control": "",
            "checksum_algorithm": null,
            "checksum_crc32": "",
            "checksum_crc32c": "",
            "checksum_sha1": "",
            "checksum_sha256": "",
            "content": null,
            "content_base64": null,
            "content_disposition": "",
            "content_encoding": "",
            "content_language": "",
            "content_type": "application/octet-stream",
            "etag": "e687fb69f04d709058ec93b505e8c8ee",
            "force_destroy": false,
            "id": "/website/Globo_logo_Vert.png",
            "key": "/website/Globo_logo_Vert.png",
            "kms_key_id": null,
            "metadata": null,
            "object_lock_legal_hold_status": "",
            "object_lock_mode": "",
            "object_lock_retain_until_date": "",
            "override_provider": [],
            "server_side_encryption": "AES256",
            "source": "./website/Globo_logo_Vert.png",
            "source_hash": null,
            "storage_class": "STANDARD",
            "tags": {
              "billing_code": "Rhymes101",
              "company": "TekSavvy Solutions",
              "project": "TekSavvy Solutions-Rhymes707"
            },
            "tags_all": {
              "billing_code": "Rhymes101",
              "company": "TekSavvy Solutions",
              "project": "TekSavvy Solutions-Rhymes707"
            },
            "version_id": "",
            "website_redirect": ""
          },
          "sensitive_attributes": [],
          "private": "bnVsbA==",
          "dependencies": [
            "aws_s3_bucket.web_bucket",
            "random_integer.s3"
          ]
        }
      ]
    },
    {
      "mode": "managed",
      "type": "aws_s3_object",
      "name": "website",
      "provider": "provider[\"registry.terraform.io/hashicorp/aws\"]",
      "instances": [
        {
          "schema_version": 0,
          "attributes": {
            "acl": null,
            "bucket": "globo-web-app-56707",
            "bucket_key_enabled": false,
            "cache_control": "",
            "checksum_algorithm": null,
            "checksum_crc32": "",
            "checksum_crc32c": "",
            "checksum_sha1": "",
            "checksum_sha256": "",
            "content": null,
            "content_base64": null,
            "content_disposition": "",
            "content_encoding": "",
            "content_language": "",
            "content_type": "application/octet-stream",
            "etag": "b7cab57ae12498c4604ef41b46bd074c",
            "force_destroy": false,
            "id": "/website/index.html",
            "key": "/website/index.html",
            "kms_key_id": null,
            "metadata": null,
            "object_lock_legal_hold_status": "",
            "object_lock_mode": "",
            "object_lock_retain_until_date": "",
            "override_provider": [],
            "server_side_encryption": "AES256",
            "source": "./website/index.html",
            "source_hash": null,
            "storage_class": "STANDARD",
            "tags": {
              "billing_code": "Rhymes101",
              "company": "TekSavvy Solutions",
              "project": "TekSavvy Solutions-Rhymes707"
            },
            "tags_all": {
              "billing_code": "Rhymes101",
              "company": "TekSavvy Solutions",
              "project": "TekSavvy Solutions-Rhymes707"
            },
            "version_id": "",
            "website_redirect": ""
          },
          "sensitive_attributes": [],
          "private": "bnVsbA==",
          "dependencies": [
            "aws_s3_bucket.web_bucket",
            "random_integer.s3"
          ]
        }
      ]
    },
    {
      "mode": "managed",
      "type": "aws_security_group",
      "name": "alb_sg",
      "provider": "provider[\"registry.terraform.io/hashicorp/aws\"]",
      "instances": [
        {
          "schema_version": 1,
          "attributes": {
            "arn": "arn:aws:ec2:us-east-1:413794829114:security-group/sg-094579452d08c8090",
            "description": "Managed by Terraform",
            "egress": [
              {
                "cidr_blocks": [
                  "0.0.0.0/0"
                ],
                "description": "",
                "from_port": 0,
                "ipv6_cidr_blocks": [],
                "prefix_list_ids": [],
                "protocol": "-1",
                "security_groups": [],
                "self": false,
                "to_port": 0
              }
            ],
            "id": "sg-094579452d08c8090",
            "ingress": [
              {
                "cidr_blocks": [
                  "0.0.0.0/0"
                ],
                "description": "",
                "from_port": 80,
                "ipv6_cidr_blocks": [],
                "prefix_list_ids": [],
                "protocol": "tcp",
                "security_groups": [],
                "self": false,
                "to_port": 80
              }
            ],
            "name": "nginx_alb_sg",
            "name_prefix": "",
            "owner_id": "413794829114",
            "revoke_rules_on_delete": false,
            "tags": {
              "billing_code": "Rhymes101",
              "company": "TekSavvy Solutions",
              "project": "TekSavvy Solutions-Rhymes707"
            },
            "tags_all": {
              "billing_code": "Rhymes101",
              "company": "TekSavvy Solutions",
              "project": "TekSavvy Solutions-Rhymes707"
            },
            "timeouts": null,
            "vpc_id": "vpc-0e07ea313f3772ee0"
          },
          "sensitive_attributes": [],
          "private": "eyJlMmJmYjczMC1lY2FhLTExZTYtOGY4OC0zNDM2M2JjN2M0YzAiOnsiY3JlYXRlIjo2MDAwMDAwMDAwMDAsImRlbGV0ZSI6OTAwMDAwMDAwMDAwfSwic2NoZW1hX3ZlcnNpb24iOiIxIn0=",
          "dependencies": [
            "aws_vpc.app"
          ]
        }
      ]
    },
    {
      "mode": "managed",
      "type": "aws_security_group",
      "name": "nginx_sg",
      "provider": "provider[\"registry.terraform.io/hashicorp/aws\"]",
      "instances": [
        {
          "schema_version": 1,
          "attributes": {
            "arn": "arn:aws:ec2:us-east-1:413794829114:security-group/sg-02c34e55520ba9f1f",
            "description": "Managed by Terraform",
            "egress": [
              {
                "cidr_blocks": [
                  "0.0.0.0/0"
                ],
                "description": "",
                "from_port": 0,
                "ipv6_cidr_blocks": [],
                "prefix_list_ids": [],
                "protocol": "-1",
                "security_groups": [],
                "self": false,
                "to_port": 0
              }
            ],
            "id": "sg-02c34e55520ba9f1f",
            "ingress": [
              {
                "cidr_blocks": [
                  "10.0.0.0/16"
                ],
                "description": "",
                "from_port": 80,
                "ipv6_cidr_blocks": [],
                "prefix_list_ids": [],
                "protocol": "tcp",
                "security_groups": [],
                "self": false,
                "to_port": 80
              }
            ],
            "name": "nginx_sg",
            "name_prefix": "",
            "owner_id": "413794829114",
            "revoke_rules_on_delete": false,
            "tags": {
              "billing_code": "Rhymes101",
              "company": "TekSavvy Solutions",
              "project": "TekSavvy Solutions-Rhymes707"
            },
            "tags_all": {
              "billing_code": "Rhymes101",
              "company": "TekSavvy Solutions",
              "project": "TekSavvy Solutions-Rhymes707"
            },
            "timeouts": null,
            "vpc_id": "vpc-0e07ea313f3772ee0"
          },
          "sensitive_attributes": [],
          "private": "eyJlMmJmYjczMC1lY2FhLTExZTYtOGY4OC0zNDM2M2JjN2M0YzAiOnsiY3JlYXRlIjo2MDAwMDAwMDAwMDAsImRlbGV0ZSI6OTAwMDAwMDAwMDAwfSwic2NoZW1hX3ZlcnNpb24iOiIxIn0=",
          "dependencies": [
            "aws_vpc.app"
          ]
        }
      ]
    },
    {
      "mode": "managed",
      "type": "aws_subnet",
      "name": "public_subnet1",
      "provider": "provider[\"registry.terraform.io/hashicorp/aws\"]",
      "instances": [
        {
          "schema_version": 1,
          "attributes": {
            "arn": "arn:aws:ec2:us-east-1:413794829114:subnet/subnet-09acc18053082a745",
            "assign_ipv6_address_on_creation": false,
            "availability_zone": "us-east-1a",
            "availability_zone_id": "use1-az1",
            "cidr_block": "10.0.0.0/24",
            "customer_owned_ipv4_pool": "",
            "enable_dns64": false,
            "enable_lni_at_device_index": 0,
            "enable_resource_name_dns_a_record_on_launch": false,
            "enable_resource_name_dns_aaaa_record_on_launch": false,
            "id": "subnet-09acc18053082a745",
            "ipv6_cidr_block": "",
            "ipv6_cidr_block_association_id": "",
            "ipv6_native": false,
            "map_customer_owned_ip_on_launch": false,
            "map_public_ip_on_launch": true,
            "outpost_arn": "",
            "owner_id": "413794829114",
            "private_dns_hostname_type_on_launch": "ip-name",
            "tags": {
              "billing_code": "Rhymes101",
              "company": "TekSavvy Solutions",
              "project": "TekSavvy Solutions-Rhymes707"
            },
            "tags_all": {
              "billing_code": "Rhymes101",
              "company": "TekSavvy Solutions",
              "project": "TekSavvy Solutions-Rhymes707"
            },
            "timeouts": null,
            "vpc_id": "vpc-0e07ea313f3772ee0"
          },
          "sensitive_attributes": [],
          "private": "eyJlMmJmYjczMC1lY2FhLTExZTYtOGY4OC0zNDM2M2JjN2M0YzAiOnsiY3JlYXRlIjo2MDAwMDAwMDAwMDAsImRlbGV0ZSI6MTIwMDAwMDAwMDAwMH0sInNjaGVtYV92ZXJzaW9uIjoiMSJ9",
          "dependencies": [
            "aws_vpc.app",
            "data.aws_availability_zones.available"
          ]
        }
      ]
    },
    {
      "mode": "managed",
      "type": "aws_subnet",
      "name": "public_subnet2",
      "provider": "provider[\"registry.terraform.io/hashicorp/aws\"]",
      "instances": [
        {
          "schema_version": 1,
          "attributes": {
            "arn": "arn:aws:ec2:us-east-1:413794829114:subnet/subnet-0f85994d57705ebf4",
            "assign_ipv6_address_on_creation": false,
            "availability_zone": "us-east-1b",
            "availability_zone_id": "use1-az2",
            "cidr_block": "10.0.1.0/24",
            "customer_owned_ipv4_pool": "",
            "enable_dns64": false,
            "enable_lni_at_device_index": 0,
            "enable_resource_name_dns_a_record_on_launch": false,
            "enable_resource_name_dns_aaaa_record_on_launch": false,
            "id": "subnet-0f85994d57705ebf4",
            "ipv6_cidr_block": "",
            "ipv6_cidr_block_association_id": "",
            "ipv6_native": false,
            "map_customer_owned_ip_on_launch": false,
            "map_public_ip_on_launch": true,
            "outpost_arn": "",
            "owner_id": "413794829114",
            "private_dns_hostname_type_on_launch": "ip-name",
            "tags": {
              "billing_code": "Rhymes101",
              "company": "TekSavvy Solutions",
              "project": "TekSavvy Solutions-Rhymes707"
            },
            "tags_all": {
              "billing_code": "Rhymes101",
              "company": "TekSavvy Solutions",
              "project": "TekSavvy Solutions-Rhymes707"
            },
            "timeouts": null,
            "vpc_id": "vpc-0e07ea313f3772ee0"
          },
          "sensitive_attributes": [],
          "private": "eyJlMmJmYjczMC1lY2FhLTExZTYtOGY4OC0zNDM2M2JjN2M0YzAiOnsiY3JlYXRlIjo2MDAwMDAwMDAwMDAsImRlbGV0ZSI6MTIwMDAwMDAwMDAwMH0sInNjaGVtYV92ZXJzaW9uIjoiMSJ9",
          "dependencies": [
            "aws_vpc.app",
            "data.aws_availability_zones.available"
          ]
        }
      ]
    },
    {
      "mode": "managed",
      "type": "aws_vpc",
      "name": "app",
      "provider": "provider[\"registry.terraform.io/hashicorp/aws\"]",
      "instances": [
        {
          "schema_version": 1,
          "attributes": {
            "arn": "arn:aws:ec2:us-east-1:413794829114:vpc/vpc-0e07ea313f3772ee0",
            "assign_generated_ipv6_cidr_block": false,
            "cidr_block": "10.0.0.0/16",
            "default_network_acl_id": "acl-06b472d53de228147",
            "default_route_table_id": "rtb-0f277a425c085ec39",
            "default_security_group_id": "sg-0c2f70821de50c29d",
            "dhcp_options_id": "dopt-0b4b2b729870fbb78",
            "enable_dns_hostnames": true,
            "enable_dns_support": true,
            "enable_network_address_usage_metrics": false,
            "id": "vpc-0e07ea313f3772ee0",
            "instance_tenancy": "default",
            "ipv4_ipam_pool_id": null,
            "ipv4_netmask_length": null,
            "ipv6_association_id": "",
            "ipv6_cidr_block": "",
            "ipv6_cidr_block_network_border_group": "",
            "ipv6_ipam_pool_id": "",
            "ipv6_netmask_length": 0,
            "main_route_table_id": "rtb-0f277a425c085ec39",
            "owner_id": "413794829114",
            "tags": {
              "billing_code": "Rhymes101",
              "company": "TekSavvy Solutions",
              "project": "TekSavvy Solutions-Rhymes707"
            },
            "tags_all": {
              "billing_code": "Rhymes101",
              "company": "TekSavvy Solutions",
              "project": "TekSavvy Solutions-Rhymes707"
            }
          },
          "sensitive_attributes": [],
          "private": "eyJzY2hlbWFfdmVyc2lvbiI6IjEifQ=="
        }
      ]
    },
    {
      "mode": "managed",
      "type": "random_integer",
      "name": "s3",
      "provider": "provider[\"registry.terraform.io/hashicorp/random\"]",
      "instances": [
        {
          "schema_version": 0,
          "attributes": {
            "id": "56707",
            "keepers": null,
            "max": 99999,
            "min": 10000,
            "result": 56707,
            "seed": null
          },
          "sensitive_attributes": []
        }
      ]
    }
  ],
  "check_results": null
}
